<Solution>
  <Folder Name="/solution items/">
    <File Path=".editorconfig" />
    <File Path=".gitignore" />
    <File Path="Directory.Build.props" />
    <File Path="Directory.Packages.props" />
    <File Path="global.json" />
    <File Path="README.md" />
    <File Path="DESIGN.md" />
    <File Path="CHANGELOG.md" />
    <File Path="CLAUDE.md" />
  </Folder>
  <Folder Name="/src/">
    <Project Path="src/Hindsight.EntityFrameworkCore.PostgreSQL/Hindsight.EntityFrameworkCore.PostgreSQL.csproj" />
  </Folder>
  <Folder Name="/tests/">
    <Project Path="tests/Hindsight.Tests/Hindsight.Tests.csproj" />
    <Project Path="tests/Hindsight.IntegrationTests/Hindsight.IntegrationTests.csproj" />
  </Folder>
  <Folder Name="/samples/">
    <Project Path="samples/InsuranceSample/InsuranceSample.csproj" />
  </Folder>
  <Folder Name="/benchmarks/">
    <Project Path="benchmarks/Hindsight.Benchmarks/Hindsight.Benchmarks.csproj" />
  </Folder>
</Solution>
